<?xml version="1.0" encoding="utf-8"?>
<Project ToolsVersion="4.0" xmlns="http://schemas.microsoft.com/developer/msbuild/2003">
  <ItemGroup>
    <Filter Include="Source Files">
      <UniqueIdentifier>{4FC737F1-C7A5-4376-A066-2A32D752A2FF}</UniqueIdentifier>
      <Extensions>cpp;c;cc;cxx;c++;cppm;ixx;def;odl;idl;hpj;bat;asm;asmx</Extensions>
    </Filter>
    <Filter Include="Source Files\Core">
      <UniqueIdentifier>{4c62a099-0e5c-4120-a8a6-548f354cc628}</UniqueIdentifier>
    </Filter>
    <Filter Include="Source Files\Utilities">
      <UniqueIdentifier>{9c45ee2f-70aa-4414-be7e-54bc4ed2e02d}</UniqueIdentifier>
    </Filter>
    <Filter Include="Source Files\Utilities\Math">
      <UniqueIdentifier>{53e5a6d8-4fa3-461e-8fe8-5be82f355b03}</UniqueIdentifier>
    </Filter>
    <Filter Include="Source Files\Systems">
      <UniqueIdentifier>{28ba1afc-fa1c-477f-ad3d-52e862b25113}</UniqueIdentifier>
    </Filter>
    <Filter Include="Source Files\Systems\Engine">
      <UniqueIdentifier>{b45b1358-367e-4463-af30-05ae0f7c14fb}</UniqueIdentifier>
    </Filter>
    <Filter Include="Source Files\Systems\Input">
      <UniqueIdentifier>{d6eb9412-062a-4e51-bb3d-e3d5c2bdb9ea}</UniqueIdentifier>
    </Filter>
    <Filter Include="Source Files\Systems\Physics">
      <UniqueIdentifier>{8f9978ed-15f3-42f7-b11d-5a8cc4778a84}</UniqueIdentifier>
    </Filter>
    <Filter Include="Source Files\Systems\Rendering">
      <UniqueIdentifier>{80de5060-b966-4fb9-b295-aa43b506aaa9}</UniqueIdentifier>
    </Filter>
    <Filter Include="Source Files\Systems\Scene">
      <UniqueIdentifier>{1a0ccc5b-5628-45fb-85ff-275c5f6044a5}</UniqueIdentifier>
    </Filter>
    <Filter Include="Source Files\API">
      <UniqueIdentifier>{b3bcf487-504a-4521-94a5-5960f7caa47a}</UniqueIdentifier>
    </Filter>
    <Filter Include="Source Files\API\SDL">
      <UniqueIdentifier>{ab4089fc-2576-4dd3-b5ed-8b26518095e3}</UniqueIdentifier>
    </Filter>
    <Filter Include="Source Files\Utilities\ImGUI">
      <UniqueIdentifier>{80885ef5-bd62-459e-b05b-601b94d41bde}</UniqueIdentifier>
    </Filter>
    <Filter Include="Source Files\Systems\Tools">
      <UniqueIdentifier>{1a9739c0-f551-46e1-a9c9-7d346f611656}</UniqueIdentifier>
    </Filter>
    <Filter Include="Source Files\Data Structures">
      <UniqueIdentifier>{4ab8606a-7608-45ee-b9e2-ff9e1832eb61}</UniqueIdentifier>
    </Filter>
    <Filter Include="Source Files\Systems\Rendering\Components">
      <UniqueIdentifier>{403b96ec-21ca-4f16-8636-c92f975b3374}</UniqueIdentifier>
    </Filter>
    <Filter Include="Source Files\Systems\Rendering\Shapes">
      <UniqueIdentifier>{80bc1267-e098-49b1-abed-48baec78ecbb}</UniqueIdentifier>
    </Filter>
    <Filter Include="Source Files\Systems\Resources">
      <UniqueIdentifier>{01dfcdc7-abd9-456e-ae6b-6c1f62bdba97}</UniqueIdentifier>
    </Filter>
    <Filter Include="Source Files\Utilities\ThirdParty">
      <UniqueIdentifier>{6d74333d-3fd0-4412-87ff-7546a9149911}</UniqueIdentifier>
    </Filter>
    <Filter Include="Source Files\Systems\Physics\Components">
      <UniqueIdentifier>{646f6633-fd97-401f-bac9-4ad7b1559f0c}</UniqueIdentifier>
    </Filter>
  </ItemGroup>
  <ItemGroup>
    <ClCompile Include="Core\Component.cpp">
      <Filter>Source Files\Core</Filter>
    </ClCompile>
    <ClCompile Include="Core\GameObject.cpp">
      <Filter>Source Files\Core</Filter>
    </ClCompile>
    <ClCompile Include="Core\Scene.cpp">
      <Filter>Source Files\Core</Filter>
    </ClCompile>
    <ClCompile Include="Core\Transform.cpp">
      <Filter>Source Files\Core</Filter>
    </ClCompile>
    <ClCompile Include="Systems\Engine\EngineManager.cpp">
      <Filter>Source Files\Systems\Engine</Filter>
    </ClCompile>
    <ClCompile Include="Systems\Engine\LoggingManager.cpp">
      <Filter>Source Files\Systems\Engine</Filter>
    </ClCompile>
    <ClCompile Include="Systems\Input\InputManager.cpp">
      <Filter>Source Files\Systems\Input</Filter>
    </ClCompile>
    <ClCompile Include="Systems\Rendering\GraphicsManager.cpp">
      <Filter>Source Files\Systems\Rendering</Filter>
    </ClCompile>
    <ClCompile Include="Systems\Scene\SceneManager.cpp">
      <Filter>Source Files\Systems\Scene</Filter>
    </ClCompile>
    <ClCompile Include="API\SDL\SDLInput.cpp">
      <Filter>Source Files\API\SDL</Filter>
    </ClCompile>
    <ClCompile Include="Systems\Input\Input.cpp">
      <Filter>Source Files\Systems\Input</Filter>
    </ClCompile>
    <ClCompile Include="Systems\Input\InputActionMap.cpp">
      <Filter>Source Files\Systems\Input</Filter>
    </ClCompile>
    <ClCompile Include="Systems\Input\InputAction.cpp">
      <Filter>Source Files\Systems\Input</Filter>
    </ClCompile>
    <ClCompile Include="Systems\Input\InputActions.cpp">
      <Filter>Source Files\Systems\Input</Filter>
    </ClCompile>
    <ClCompile Include="API\SDL\SDLRenderer.cpp">
      <Filter>Source Files\API\SDL</Filter>
    </ClCompile>
    <ClCompile Include="API\SDL\SDLWindow.cpp">
      <Filter>Source Files\API\SDL</Filter>
    </ClCompile>
    <ClCompile Include="Systems\Rendering\Window.cpp">
      <Filter>Source Files\Systems\Rendering</Filter>
    </ClCompile>
    <ClCompile Include="API\SDL\SDLTexture.cpp">
      <Filter>Source Files\API\SDL</Filter>
    </ClCompile>
    <ClCompile Include="Systems\Rendering\Sprite.cpp">
      <Filter>Source Files\Systems\Rendering</Filter>
    </ClCompile>
    <ClCompile Include="Utilities\ImGUI\imgui.cpp">
      <Filter>Source Files\Utilities\ImGUI</Filter>
    </ClCompile>
    <ClCompile Include="Utilities\ImGUI\imgui_demo.cpp">
      <Filter>Source Files\Utilities\ImGUI</Filter>
    </ClCompile>
    <ClCompile Include="Utilities\ImGUI\imgui_draw.cpp">
      <Filter>Source Files\Utilities\ImGUI</Filter>
    </ClCompile>
    <ClCompile Include="Utilities\ImGUI\imgui_tables.cpp">
      <Filter>Source Files\Utilities\ImGUI</Filter>
    </ClCompile>
    <ClCompile Include="Utilities\ImGUI\imgui_widgets.cpp">
      <Filter>Source Files\Utilities\ImGUI</Filter>
    </ClCompile>
    <ClCompile Include="Systems\Tools\DebugOverlay.cpp">
      <Filter>Source Files\Systems\Tools</Filter>
    </ClCompile>
    <ClCompile Include="Systems\Tools\ToolsManager.cpp">
      <Filter>Source Files\Systems\Tools</Filter>
    </ClCompile>
    <ClCompile Include="Systems\Rendering\Components\SpriteComponent.cpp">
      <Filter>Source Files\Systems\Rendering\Components</Filter>
    </ClCompile>
    <ClCompile Include="Systems\Rendering\Shapes\Capsule.cpp">
      <Filter>Source Files\Systems\Rendering\Shapes</Filter>
    </ClCompile>
    <ClCompile Include="Systems\Rendering\Shapes\Circle.cpp">
      <Filter>Source Files\Systems\Rendering\Shapes</Filter>
    </ClCompile>
    <ClCompile Include="Systems\Rendering\Shapes\Shape.cpp">
      <Filter>Source Files\Systems\Rendering\Shapes</Filter>
    </ClCompile>
    <ClCompile Include="Systems\Rendering\Shapes\Square.cpp">
      <Filter>Source Files\Systems\Rendering\Shapes</Filter>
    </ClCompile>
    <ClCompile Include="Systems\Rendering\Shapes\Triangle.cpp">
      <Filter>Source Files\Systems\Rendering\Shapes</Filter>
    </ClCompile>
    <ClCompile Include="Systems\Resources\ResourceManager.cpp">
      <Filter>Source Files\Systems\Resources</Filter>
    </ClCompile>
    <ClCompile Include="Utilities\ThirdParty\CaledonZlib.cpp">
      <Filter>Source Files\Utilities\ThirdParty</Filter>
    </ClCompile>
    <ClCompile Include="Utilities\ThirdParty\tinyxml2.cpp">
      <Filter>Source Files\Utilities\ThirdParty</Filter>
    </ClCompile>
    <ClCompile Include="Utilities\CaledonParser.cpp">
      <Filter>Source Files\Utilities</Filter>
    </ClCompile>
    <ClCompile Include="API\SDL\SDLImage.cpp">
      <Filter>Source Files\API\SDL</Filter>
    </ClCompile>
    <ClCompile Include="GameObjectCreator.cpp">
      <Filter>Source Files</Filter>
    </ClCompile>
    <ClCompile Include="ComponentFactory.cpp">
      <Filter>Source Files</Filter>
    </ClCompile>
    <ClCompile Include="Systems\Rendering\SpriteSheet.cpp">
      <Filter>Source Files\Systems\Rendering</Filter>
    </ClCompile>
    <ClCompile Include="Systems\Physics\Components\Collider2D.cpp">
      <Filter>Source Files\Systems\Physics\Components</Filter>
    </ClCompile>
    <ClCompile Include="Systems\Physics\Components\BoxCollider2D.cpp">
      <Filter>Source Files\Systems\Physics\Components</Filter>
    </ClCompile>
    <ClCompile Include="Systems\Physics\CollisionManager.cpp">
      <Filter>Source Files\Systems\Physics</Filter>
    </ClCompile>
    <ClCompile Include="Utilities\ImGUI\imgui_impl_sdl3.cpp">
      <Filter>Source Files\Utilities\ImGUI</Filter>
    </ClCompile>
    <ClCompile Include="Utilities\ImGUI\imgui_impl_sdlrenderer3.cpp">
      <Filter>Source Files\Utilities\ImGUI</Filter>
    </ClCompile>
  </ItemGroup>
  <ItemGroup>
    <ClInclude Include="Core\GameObject.h">
      <Filter>Source Files\Core</Filter>
    </ClInclude>
    <ClInclude Include="Core\Scene.h">
      <Filter>Source Files\Core</Filter>
    </ClInclude>
    <ClInclude Include="Core\Component.h">
      <Filter>Source Files\Core</Filter>
    </ClInclude>
    <ClInclude Include="Core\Transform.h">
      <Filter>Source Files\Core</Filter>
    </ClInclude>
    <ClInclude Include="Utilities\Math\Vector2.h">
      <Filter>Source Files\Utilities\Math</Filter>
    </ClInclude>
    <ClInclude Include="Systems\Engine\EngineManager.h">
      <Filter>Source Files\Systems\Engine</Filter>
    </ClInclude>
    <ClInclude Include="Systems\Engine\LoggingManager.h">
      <Filter>Source Files\Systems\Engine</Filter>
    </ClInclude>
    <ClInclude Include="Systems\Engine\Manager.h">
      <Filter>Source Files\Systems\Engine</Filter>
    </ClInclude>
    <ClInclude Include="Systems\Input\InputManager.h">
      <Filter>Source Files\Systems\Input</Filter>
    </ClInclude>
    <ClInclude Include="Systems\Rendering\GraphicsManager.h">
      <Filter>Source Files\Systems\Rendering</Filter>
    </ClInclude>
    <ClInclude Include="Systems\Scene\SceneManager.h">
      <Filter>Source Files\Systems\Scene</Filter>
    </ClInclude>
    <ClInclude Include="API\SDL\SDLInput.h">
      <Filter>Source Files\API\SDL</Filter>
    </ClInclude>
    <ClInclude Include="Utilities\APIConfig.h">
      <Filter>Source Files\Utilities</Filter>
    </ClInclude>
    <ClInclude Include="Systems\Input\Input.h">
      <Filter>Source Files\Systems\Input</Filter>
    </ClInclude>
    <ClInclude Include="Systems\Input\InputAction.h">
      <Filter>Source Files\Systems\Input</Filter>
    </ClInclude>
    <ClInclude Include="Systems\Input\InputActionMap.h">
      <Filter>Source Files\Systems\Input</Filter>
    </ClInclude>
    <ClInclude Include="Systems\Input\InputActions.h">
      <Filter>Source Files\Systems\Input</Filter>
    </ClInclude>
    <ClInclude Include="API\SDL\SDLRenderer.h">
      <Filter>Source Files\API\SDL</Filter>
    </ClInclude>
    <ClInclude Include="API\SDL\SDLWindow.h">
      <Filter>Source Files\API\SDL</Filter>
    </ClInclude>
    <ClInclude Include="Systems\Rendering\Renderer.h">
      <Filter>Source Files\Systems\Rendering</Filter>
    </ClInclude>
    <ClInclude Include="Systems\Rendering\Window.h">
      <Filter>Source Files\Systems\Rendering</Filter>
    </ClInclude>
    <ClInclude Include="Systems\Rendering\Color.h">
      <Filter>Source Files\Systems\Rendering</Filter>
    </ClInclude>
    <ClInclude Include="Systems\Rendering\Texture.h">
      <Filter>Source Files\Systems\Rendering</Filter>
    </ClInclude>
    <ClInclude Include="Utilities\Math\Rect.h">
      <Filter>Source Files\Utilities\Math</Filter>
    </ClInclude>
    <ClInclude Include="API\SDL\SDLTexture.h">
      <Filter>Source Files\API\SDL</Filter>
    </ClInclude>
    <ClInclude Include="Systems\Rendering\Sprite.h">
      <Filter>Source Files\Systems\Rendering</Filter>
    </ClInclude>
    <ClInclude Include="Systems\Tools\DebugOverlay.h">
      <Filter>Source Files\Systems\Tools</Filter>
    </ClInclude>
    <ClInclude Include="Systems\Tools\ToolsManager.h">
      <Filter>Source Files\Systems\Tools</Filter>
    </ClInclude>
    <ClInclude Include="DataStructures\BinaryTree.h">
      <Filter>Source Files\Data Structures</Filter>
    </ClInclude>
    <ClInclude Include="DataStructures\DynamicQueue.h">
      <Filter>Source Files\Data Structures</Filter>
    </ClInclude>
    <ClInclude Include="DataStructures\DynamicStack.h">
      <Filter>Source Files\Data Structures</Filter>
    </ClInclude>
    <ClInclude Include="DataStructures\Queue.h">
      <Filter>Source Files\Data Structures</Filter>
    </ClInclude>
    <ClInclude Include="DataStructures\Stack.h">
      <Filter>Source Files\Data Structures</Filter>
    </ClInclude>
    <ClInclude Include="Systems\Rendering\Components\SpriteComponent.h">
      <Filter>Source Files\Systems\Rendering\Components</Filter>
    </ClInclude>
    <ClInclude Include="Systems\Rendering\Shapes\Capsule.h">
      <Filter>Source Files\Systems\Rendering\Shapes</Filter>
    </ClInclude>
    <ClInclude Include="Systems\Rendering\Shapes\Circle.h">
      <Filter>Source Files\Systems\Rendering\Shapes</Filter>
    </ClInclude>
    <ClInclude Include="Systems\Rendering\Shapes\Shape.h">
      <Filter>Source Files\Systems\Rendering\Shapes</Filter>
    </ClInclude>
    <ClInclude Include="Systems\Rendering\Shapes\Square.h">
      <Filter>Source Files\Systems\Rendering\Shapes</Filter>
    </ClInclude>
    <ClInclude Include="Systems\Rendering\Shapes\Triangle.h">
      <Filter>Source Files\Systems\Rendering\Shapes</Filter>
    </ClInclude>
    <ClInclude Include="Systems\Physics\AABB2D.h">
      <Filter>Source Files\Systems\Physics</Filter>
    </ClInclude>
    <ClInclude Include="Systems\Resources\ResourceManager.h">
      <Filter>Source Files\Systems\Resources</Filter>
    </ClInclude>
    <ClInclude Include="Utilities\ThirdParty\CaledonZlib.h">
      <Filter>Source Files\Utilities\ThirdParty</Filter>
    </ClInclude>
    <ClInclude Include="Utilities\ThirdParty\tinyxml2.h">
      <Filter>Source Files\Utilities\ThirdParty</Filter>
    </ClInclude>
    <ClInclude Include="Utilities\CaledonParser.h">
      <Filter>Source Files\Utilities</Filter>
    </ClInclude>
    <ClInclude Include="Systems\Rendering\Image.h">
      <Filter>Source Files\Systems\Rendering</Filter>
    </ClInclude>
    <ClInclude Include="API\SDL\SDLImage.h">
      <Filter>Source Files\API\SDL</Filter>
    </ClInclude>
    <ClInclude Include="GameObjectCreator.h">
      <Filter>Source Files</Filter>
    </ClInclude>
    <ClInclude Include="ComponentFactory.h">
      <Filter>Source Files</Filter>
    </ClInclude>
    <ClInclude Include="Systems\Rendering\SpriteSheet.h">
      <Filter>Source Files\Systems\Rendering</Filter>
    </ClInclude>
    <ClInclude Include="Systems\Engine\IRenderable.h">
      <Filter>Source Files\Systems\Engine</Filter>
    </ClInclude>
    <ClInclude Include="Systems\Engine\IUpdatable.h">
      <Filter>Source Files\Systems\Engine</Filter>
    </ClInclude>
    <ClInclude Include="Systems\Physics\Components\Collider2D.h">
      <Filter>Source Files\Systems\Physics\Components</Filter>
    </ClInclude>
    <ClInclude Include="Systems\Physics\CollisionManager.h">
      <Filter>Source Files\Systems\Physics</Filter>
    </ClInclude>
    <ClInclude Include="Systems\Physics\Components\BoxCollider2D.h">
      <Filter>Source Files\Systems\Physics\Components</Filter>
    </ClInclude>
  </ItemGroup>
  <ItemGroup>
    <None Include="Core\Component.inl">
      <Filter>Source Files\Core</Filter>
    </None>
  </ItemGroup>
</Project>